
Microsoft Visual Studio Solution File, Format Version 12.00
Project("{FAE04EC0-301F-11D3-BF4B-00C04F79EFBC}") = "regex-test", "regex-test.csproj", "{EB38867E-37D9-45F7-956E-7B89CB2567FE}"
EndProject
Global
	GlobalSection(SolutionConfigurationPlatforms) = preSolution
		Debug|Any CPU = Debug|Any CPU
		Release|Any CPU = Release|Any CPU
	EndGlobalSection
	GlobalSection(ProjectConfigurationPlatforms) = postSolution
		{EB38867E-37D9-45F7-956E-7B89CB2567FE}.Debug|Any CPU.ActiveCfg = Debug|Any CPU
		{EB38867E-37D9-45F7-956E-7B89CB2567FE}.Debug|Any CPU.Build.0 = Debug|Any CPU
		{EB38867E-37D9-45F7-956E-7B89CB2567FE}.Release|Any CPU.ActiveCfg = Release|Any CPU
		{EB38867E-37D9-45F7-956E-7B89CB2567FE}.Release|Any CPU.Build.0 = Release|Any CPU
	EndGlobalSection
EndGlobal
